<?xml version="1.0" encoding="utf-8"?>
<Project ToolsVersion="4.0" xmlns="http://schemas.microsoft.com/developer/msbuild/2003">
  <ItemGroup>
    <Filter Include="Source Files">
      <UniqueIdentifier>{4FC737F1-C7A5-4376-A066-2A32D752A2FF}</UniqueIdentifier>
      <Extensions>cpp;c;cc;cxx;def;odl;idl;hpj;bat;asm;asmx</Extensions>
    </Filter>
    <Filter Include="Header Files">
      <UniqueIdentifier>{93995380-89BD-4b04-88EB-625FBE52EBFB}</UniqueIdentifier>
      <Extensions>h;hh;hpp;hxx;hm;inl;inc;xsd</Extensions>
    </Filter>
    <Filter Include="Resource Files">
      <UniqueIdentifier>{67DA6AB6-F800-4c08-8B7A-83BB121AAD01}</UniqueIdentifier>
      <Extensions>rc;ico;cur;bmp;dlg;rc2;rct;bin;rgs;gif;jpg;jpeg;jpe;resx;tiff;tif;png;wav;mfcribbon-ms</Extensions>
    </Filter>
    <Filter Include="WrapperWinApi">
      <UniqueIdentifier>{bcbf8881-af51-40e7-85d3-f770cde9630a}</UniqueIdentifier>
    </Filter>
    <Filter Include="WrapperWinApiHeaders">
      <UniqueIdentifier>{274b83a4-1071-4bbc-b4a1-9b6b9f3433d6}</UniqueIdentifier>
    </Filter>
    <Filter Include="MetaFrameElements">
      <UniqueIdentifier>{522b77c8-461d-4ae6-bc61-7020203a1e09}</UniqueIdentifier>
    </Filter>
    <Filter Include="MetaFrameElementsHeaders">
      <UniqueIdentifier>{e2f0ce36-7f7c-4ad9-8971-477ca0e4cfd0}</UniqueIdentifier>
    </Filter>
    <Filter Include="MetaTypes">
      <UniqueIdentifier>{a68ecc76-726d-4294-8835-ec64a0a7eba3}</UniqueIdentifier>
    </Filter>
    <Filter Include="Auto Service Cpps">
      <UniqueIdentifier>{36f2458a-714e-41ba-8a27-d2022bbd9b5c}</UniqueIdentifier>
    </Filter>
    <Filter Include="Auto Service Headers">
      <UniqueIdentifier>{f30c2099-e595-42e4-ac06-fe7b3c5c32a7}</UniqueIdentifier>
    </Filter>
  </ItemGroup>
  <ItemGroup>
    <ClInclude Include="stdafx.h">
      <Filter>Header Files</Filter>
    </ClInclude>
    <ClInclude Include="targetver.h">
      <Filter>Header Files</Filter>
    </ClInclude>
    <ClInclude Include="Resource.h">
      <Filter>Header Files</Filter>
    </ClInclude>
    <ClInclude Include="Main.h">
      <Filter>Header Files</Filter>
    </ClInclude>
    <ClInclude Include="NativeAbstructObject.h">
      <Filter>WrapperWinApiHeaders</Filter>
    </ClInclude>
    <ClInclude Include="NativeButton.h">
      <Filter>WrapperWinApiHeaders</Filter>
    </ClInclude>
    <ClInclude Include="NativeWindow.h">
      <Filter>WrapperWinApiHeaders</Filter>
    </ClInclude>
    <ClInclude Include="Color.h">
      <Filter>MetaTypes</Filter>
    </ClInclude>
    <ClInclude Include="Margin.h">
      <Filter>MetaTypes</Filter>
    </ClInclude>
    <ClInclude Include="MFTafx.h">
      <Filter>MetaTypes</Filter>
    </ClInclude>
    <ClInclude Include="Alignment.h">
      <Filter>MetaTypes</Filter>
    </ClInclude>
    <ClInclude Include="String.h">
      <Filter>MetaTypes</Filter>
    </ClInclude>
    <ClInclude Include="Point.h">
      <Filter>MetaTypes</Filter>
    </ClInclude>
    <ClInclude Include="Size.h">
      <Filter>MetaTypes</Filter>
    </ClInclude>
    <ClInclude Include="Rect.h">
      <Filter>MetaTypes</Filter>
    </ClInclude>
    <ClInclude Include="RectF.h">
      <Filter>MetaTypes</Filter>
    </ClInclude>
    <ClInclude Include="Button.h">
      <Filter>MetaFrameElementsHeaders</Filter>
    </ClInclude>
    <ClInclude Include="Window.h">
      <Filter>MetaFrameElementsHeaders</Filter>
    </ClInclude>
    <ClInclude Include="AbstructFrameElement.h">
      <Filter>MetaFrameElementsHeaders</Filter>
    </ClInclude>
    <ClInclude Include="AbstructFrameObject.h">
      <Filter>MetaFrameElementsHeaders</Filter>
    </ClInclude>
    <ClInclude Include="NativePanel.h">
      <Filter>WrapperWinApiHeaders</Filter>
    </ClInclude>
    <ClInclude Include="Panel.h">
      <Filter>MetaFrameElementsHeaders</Filter>
    </ClInclude>
    <ClInclude Include="Border.h">
      <Filter>MetaTypes</Filter>
    </ClInclude>
    <ClInclude Include="Label.h">
      <Filter>MetaFrameElementsHeaders</Filter>
    </ClInclude>
    <ClInclude Include="NativeLabel.h">
      <Filter>WrapperWinApiHeaders</Filter>
    </ClInclude>
    <ClInclude Include="Layout.h">
      <Filter>MetaTypes</Filter>
    </ClInclude>
    <ClInclude Include="NativeCheckBox.h">
      <Filter>WrapperWinApiHeaders</Filter>
    </ClInclude>
    <ClInclude Include="CheckBox.h">
      <Filter>MetaFrameElementsHeaders</Filter>
    </ClInclude>
    <ClInclude Include="NativeTextField.h">
      <Filter>WrapperWinApiHeaders</Filter>
    </ClInclude>
    <ClInclude Include="TextField.h">
      <Filter>MetaFrameElementsHeaders</Filter>
    </ClInclude>
    <ClInclude Include="NativeSlider.h">
      <Filter>WrapperWinApiHeaders</Filter>
    </ClInclude>
    <ClInclude Include="Slider.h">
      <Filter>MetaFrameElementsHeaders</Filter>
    </ClInclude>
    <ClInclude Include="NativeImagePanel.h">
      <Filter>WrapperWinApiHeaders</Filter>
    </ClInclude>
    <ClInclude Include="ImagePanel.h">
      <Filter>MetaFrameElementsHeaders</Filter>
    </ClInclude>
    <ClInclude Include="Image.h">
      <Filter>MetaTypes</Filter>
    </ClInclude>
    <ClInclude Include="Time.h">
      <Filter>MetaTypes</Filter>
    </ClInclude>
    <ClInclude Include="WorkerCard.h">
      <Filter>Auto Service Headers</Filter>
    </ClInclude>
    <ClInclude Include="Worker.h">
      <Filter>Auto Service Headers</Filter>
    </ClInclude>
    <ClInclude Include="User.h">
      <Filter>Auto Service Headers</Filter>
    </ClInclude>
    <ClInclude Include="PanelWorkersCreator.h">
      <Filter>Auto Service Headers</Filter>
    </ClInclude>
    <ClInclude Include="PanelUsersCreator.h">
      <Filter>Auto Service Headers</Filter>
    </ClInclude>
    <ClInclude Include="PanelRepare.h">
      <Filter>Auto Service Headers</Filter>
    </ClInclude>
    <ClInclude Include="PanelQueue.h">
      <Filter>Auto Service Headers</Filter>
    </ClInclude>
    <ClInclude Include="Game.h">
      <Filter>Auto Service Headers</Filter>
    </ClInclude>
    <ClInclude Include="Car.h">
      <Filter>Auto Service Headers</Filter>
    </ClInclude>
  </ItemGroup>
  <ItemGroup>
    <ClCompile Include="stdafx.cpp">
      <Filter>Source Files</Filter>
    </ClCompile>
    <ClCompile Include="Main.cpp" />
    <ClCompile Include="NativeAbstructObject.cpp">
      <Filter>WrapperWinApi</Filter>
    </ClCompile>
    <ClCompile Include="NativeWindow.cpp">
      <Filter>WrapperWinApi</Filter>
    </ClCompile>
    <ClCompile Include="NativeButton.cpp">
      <Filter>WrapperWinApi</Filter>
    </ClCompile>
    <ClCompile Include="Window.cpp">
      <Filter>MetaFrameElements</Filter>
    </ClCompile>
    <ClCompile Include="Button.cpp">
      <Filter>MetaFrameElements</Filter>
    </ClCompile>
    <ClCompile Include="AbstructFrameElement.cpp">
      <Filter>MetaFrameElements</Filter>
    </ClCompile>
    <ClCompile Include="NativePanel.cpp">
      <Filter>WrapperWinApi</Filter>
    </ClCompile>
    <ClCompile Include="Panel.cpp">
      <Filter>MetaFrameElements</Filter>
    </ClCompile>
    <ClCompile Include="Label.cpp">
      <Filter>MetaFrameElements</Filter>
    </ClCompile>
    <ClCompile Include="NativeLabel.cpp">
      <Filter>WrapperWinApi</Filter>
    </ClCompile>
    <ClCompile Include="NativeCheckBox.cpp">
      <Filter>WrapperWinApi</Filter>
    </ClCompile>
    <ClCompile Include="CheckBox.cpp">
      <Filter>MetaFrameElements</Filter>
    </ClCompile>
    <ClCompile Include="NativeTextField.cpp">
      <Filter>WrapperWinApi</Filter>
    </ClCompile>
    <ClCompile Include="TextField.cpp">
      <Filter>MetaFrameElements</Filter>
    </ClCompile>
    <ClCompile Include="NativeSlider.cpp">
      <Filter>WrapperWinApi</Filter>
    </ClCompile>
    <ClCompile Include="Slider.cpp">
      <Filter>MetaFrameElements</Filter>
    </ClCompile>
    <ClCompile Include="NativeImagePanel.cpp">
      <Filter>WrapperWinApi</Filter>
    </ClCompile>
    <ClCompile Include="ImagePanel.cpp">
      <Filter>MetaFrameElements</Filter>
    </ClCompile>
    <ClCompile Include="User.cpp">
      <Filter>Source Files</Filter>
    </ClCompile>
    <ClCompile Include="Color.cpp">
      <Filter>MetaTypes</Filter>
    </ClCompile>
    <ClCompile Include="Game.cpp">
      <Filter>Auto Service Cpps</Filter>
    </ClCompile>
    <ClCompile Include="PanelQueue.cpp">
      <Filter>Auto Service Cpps</Filter>
    </ClCompile>
    <ClCompile Include="PanelRepare.cpp">
      <Filter>Auto Service Cpps</Filter>
    </ClCompile>
    <ClCompile Include="PanelUsersCreator.cpp">
      <Filter>Auto Service Cpps</Filter>
    </ClCompile>
    <ClCompile Include="PanelWorkersCreator.cpp">
      <Filter>Auto Service Cpps</Filter>
    </ClCompile>
    <ClCompile Include="Worker.cpp">
      <Filter>Auto Service Cpps</Filter>
    </ClCompile>
    <ClCompile Include="WorkerCard.cpp">
      <Filter>Auto Service Cpps</Filter>
    </ClCompile>
  </ItemGroup>
  <ItemGroup>
    <ResourceCompile Include="MetaWrapperWinApi.rc">
      <Filter>Resource Files</Filter>
    </ResourceCompile>
  </ItemGroup>
  <ItemGroup>
    <Image Include="small.ico">
      <Filter>Resource Files</Filter>
    </Image>
    <Image Include="MetaWrapperWinApi.ico">
      <Filter>Resource Files</Filter>
    </Image>
  </ItemGroup>
  <ItemGroup>
    <Text Include="ReadMe.txt">
      <Filter>Resource Files</Filter>
    </Text>
  </ItemGroup>
  <ItemGroup>
    <Manifest Include="MetaWrapperWinApi.exe.manifest" />
  </ItemGroup>
  <ItemGroup>
    <None Include="ClassDiagram.cd" />
  </ItemGroup>
</Project>